
Microsoft Visual Studio Solution File, Format Version 12.00
# Visual Studio 2017
Project("{FAE04EC0-301F-11D3-BF4B-00C04F79EFBC}") = "unity_vrml", "unity_vrml.csproj", "{306A3639-877D-3947-D14E-56793BB57DB5}"
EndProject
Project("{FAE04EC0-301F-11D3-BF4B-00C04F79EFBC}") = "unity_vrml.Editor", "unity_vrml.Editor.csproj", "{6CF3AAF0-E806-9E87-E5BB-C0044A8E8282}"
EndProject
Global
	GlobalSection(SolutionConfigurationPlatforms) = preSolution
		Debug|Any CPU = Debug|Any CPU
		Release|Any CPU = Release|Any CPU
	EndGlobalSection
	GlobalSection(ProjectConfigurationPlatforms) = postSolution
		{306A3639-877D-3947-D14E-56793BB57DB5}.Debug|Any CPU.ActiveCfg = Debug|Any CPU
		{306A3639-877D-3947-D14E-56793BB57DB5}.Debug|Any CPU.Build.0 = Debug|Any CPU
		{306A3639-877D-3947-D14E-56793BB57DB5}.Release|Any CPU.ActiveCfg = Release|Any CPU
		{306A3639-877D-3947-D14E-56793BB57DB5}.Release|Any CPU.Build.0 = Release|Any CPU
		{6CF3AAF0-E806-9E87-E5BB-C0044A8E8282}.Debug|Any CPU.ActiveCfg = Debug|Any CPU
		{6CF3AAF0-E806-9E87-E5BB-C0044A8E8282}.Debug|Any CPU.Build.0 = Debug|Any CPU
		{6CF3AAF0-E806-9E87-E5BB-C0044A8E8282}.Release|Any CPU.ActiveCfg = Release|Any CPU
		{6CF3AAF0-E806-9E87-E5BB-C0044A8E8282}.Release|Any CPU.Build.0 = Release|Any CPU
	EndGlobalSection
	GlobalSection(SolutionProperties) = preSolution
		HideSolutionNode = FALSE
	EndGlobalSection
EndGlobal
